
Microsoft Visual Studio Solution File, Format Version 12.00
# Visual Studio Version 16
VisualStudioVersion = 16.0.29609.76
MinimumVisualStudioVersion = 10.0.40219.1
Project("{FAE04EC0-301F-11D3-BF4B-00C04F79EFBC}") = "QuizGo", "QuizGo\QuizGo.csproj", "{0344D93D-730E-4187-814E-E89AEF4D7CA5}"
EndProject
Global
	GlobalSection(SolutionConfigurationPlatforms) = preSolution
		Debug|Any CPU = Debug|Any CPU
		Release|Any CPU = Release|Any CPU
	EndGlobalSection
	GlobalSection(ProjectConfigurationPlatforms) = postSolution
		{0344D93D-730E-4187-814E-E89AEF4D7CA5}.Debug|Any CPU.ActiveCfg = Debug|Any CPU
		{0344D93D-730E-4187-814E-E89AEF4D7CA5}.Debug|Any CPU.Build.0 = Debug|Any CPU
		{0344D93D-730E-4187-814E-E89AEF4D7CA5}.Release|Any CPU.ActiveCfg = Release|Any CPU
		{0344D93D-730E-4187-814E-E89AEF4D7CA5}.Release|Any CPU.Build.0 = Release|Any CPU
	EndGlobalSection
	GlobalSection(SolutionProperties) = preSolution
		HideSolutionNode = FALSE
	EndGlobalSection
	GlobalSection(ExtensibilityGlobals) = postSolution
		SolutionGuid = {4EB7E6D8-44E9-416A-B794-11AA3853FD5F}
	EndGlobalSection
EndGlobal
